// !$*UTF8*$!
{
	archiveVersion = 1;
	classes = {
	};
	objectVersion = 56;
	objects = {

/* Begin PBXBuildFile section */
		3F588BBF2CEA4BC400E87525 /* Int.swift in Sources */ = {isa = PBXBuildFile; fileRef = 3F588BBE2CEA4BC400E87525 /* Int.swift */; };
		3F89EAE52CE789870046E1BD /* AppDelegate.swift in Sources */ = {isa = PBXBuildFile; fileRef = 3F89EAE42CE789870046E1BD /* AppDelegate.swift */; };
		3F89EAE72CE789870046E1BD /* SceneDelegate.swift in Sources */ = {isa = PBXBuildFile; fileRef = 3F89EAE62CE789870046E1BD /* SceneDelegate.swift */; };
		3F89EAE92CE789870046E1BD /* ViewController.swift in Sources */ = {isa = PBXBuildFile; fileRef = 3F89EAE82CE789870046E1BD /* ViewController.swift */; };
		3F89EAEE2CE789880046E1BD /* Assets.xcassets in Resources */ = {isa = PBXBuildFile; fileRef = 3F89EAED2CE789880046E1BD /* Assets.xcassets */; };
		3F89EAF12CE789880046E1BD /* Base in Resources */ = {isa = PBXBuildFile; fileRef = 3F89EAF02CE789880046E1BD /* Base */; };
		3F89EAFC2CE789880046E1BD /* ToDoListTests.swift in Sources */ = {isa = PBXBuildFile; fileRef = 3F89EAFB2CE789880046E1BD /* ToDoListTests.swift */; };
		3F89EB062CE789880046E1BD /* ToDoListUITests.swift in Sources */ = {isa = PBXBuildFile; fileRef = 3F89EB052CE789880046E1BD /* ToDoListUITests.swift */; };
		3F89EB082CE789880046E1BD /* ToDoListUITestsLaunchTests.swift in Sources */ = {isa = PBXBuildFile; fileRef = 3F89EB072CE789880046E1BD /* ToDoListUITestsLaunchTests.swift */; };
		3F89EB1F2CE793270046E1BD /* ToDoInteractorInput.swift in Sources */ = {isa = PBXBuildFile; fileRef = 3F89EB1E2CE793270046E1BD /* ToDoInteractorInput.swift */; };
		3F89EB212CE793400046E1BD /* ToDoInteractorOutput.swift in Sources */ = {isa = PBXBuildFile; fileRef = 3F89EB202CE793400046E1BD /* ToDoInteractorOutput.swift */; };
		3F89EB232CE793670046E1BD /* ToDoInteractor.swift in Sources */ = {isa = PBXBuildFile; fileRef = 3F89EB222CE793670046E1BD /* ToDoInteractor.swift */; };
		3F89EB252CE793CD0046E1BD /* DetailInteractorInput.swift in Sources */ = {isa = PBXBuildFile; fileRef = 3F89EB242CE793CD0046E1BD /* DetailInteractorInput.swift */; };
		3F89EB272CE793D80046E1BD /* DetailInteractorOutput.swift in Sources */ = {isa = PBXBuildFile; fileRef = 3F89EB262CE793D80046E1BD /* DetailInteractorOutput.swift */; };
		3F89EB292CE793DE0046E1BD /* DetailInteractor.swift in Sources */ = {isa = PBXBuildFile; fileRef = 3F89EB282CE793DE0046E1BD /* DetailInteractor.swift */; };
		3F89EB2B2CE7941D0046E1BD /* ToDoRouterInput.swift in Sources */ = {isa = PBXBuildFile; fileRef = 3F89EB2A2CE7941D0046E1BD /* ToDoRouterInput.swift */; };
		3F89EB2D2CE794260046E1BD /* ToDoRouter.swift in Sources */ = {isa = PBXBuildFile; fileRef = 3F89EB2C2CE794260046E1BD /* ToDoRouter.swift */; };
		3F89EB2F2CE794FB0046E1BD /* DetailRouter.swift in Sources */ = {isa = PBXBuildFile; fileRef = 3F89EB2E2CE794FB0046E1BD /* DetailRouter.swift */; };
		3F89EB332CE795120046E1BD /* DetailRouterInput.swift in Sources */ = {isa = PBXBuildFile; fileRef = 3F89EB322CE795120046E1BD /* DetailRouterInput.swift */; };
		3F89EB352CE7972A0046E1BD /* ToDoPresenter.swift in Sources */ = {isa = PBXBuildFile; fileRef = 3F89EB342CE7972A0046E1BD /* ToDoPresenter.swift */; };
		3F89EB3C2CE798820046E1BD /* ToDoViewController.swift in Sources */ = {isa = PBXBuildFile; fileRef = 3F89EB3A2CE798820046E1BD /* ToDoViewController.swift */; };
		3F89EB3D2CE798820046E1BD /* ToDoViewController.xib in Resources */ = {isa = PBXBuildFile; fileRef = 3F89EB3B2CE798820046E1BD /* ToDoViewController.xib */; };
		3F89EB3F2CE798910046E1BD /* ToDoViewInput.swift in Sources */ = {isa = PBXBuildFile; fileRef = 3F89EB3E2CE798910046E1BD /* ToDoViewInput.swift */; };
		3F89EB412CE798990046E1BD /* ToDoViewOutput.swift in Sources */ = {isa = PBXBuildFile; fileRef = 3F89EB402CE798990046E1BD /* ToDoViewOutput.swift */; };
		3F89EB442CE7A7F40046E1BD /* DetailViewController.swift in Sources */ = {isa = PBXBuildFile; fileRef = 3F89EB422CE7A7F40046E1BD /* DetailViewController.swift */; };
		3F89EB452CE7A7F40046E1BD /* DetailViewController.xib in Resources */ = {isa = PBXBuildFile; fileRef = 3F89EB432CE7A7F40046E1BD /* DetailViewController.xib */; };
		3F89EB472CE7A8040046E1BD /* DetailViewInput.swift in Sources */ = {isa = PBXBuildFile; fileRef = 3F89EB462CE7A8040046E1BD /* DetailViewInput.swift */; };
		3F89EB492CE7A80C0046E1BD /* DetailViewOutput.swift in Sources */ = {isa = PBXBuildFile; fileRef = 3F89EB482CE7A80C0046E1BD /* DetailViewOutput.swift */; };
		3F89EB4B2CE7A84B0046E1BD /* DetailPresenter.swift in Sources */ = {isa = PBXBuildFile; fileRef = 3F89EB4A2CE7A84B0046E1BD /* DetailPresenter.swift */; };
		3F89EB4D2CE7A8510046E1BD /* DetailPresenterInput.swift in Sources */ = {isa = PBXBuildFile; fileRef = 3F89EB4C2CE7A8510046E1BD /* DetailPresenterInput.swift */; };
		3F89EB4F2CE7A8580046E1BD /* DetailPresenterOutput.swift in Sources */ = {isa = PBXBuildFile; fileRef = 3F89EB4E2CE7A8580046E1BD /* DetailPresenterOutput.swift */; };
		3F89EB512CE7C6440046E1BD /* ToDoListAssembly.swift in Sources */ = {isa = PBXBuildFile; fileRef = 3F89EB502CE7C6440046E1BD /* ToDoListAssembly.swift */; };
		3F89EB542CE7C71E0046E1BD /* ModuleTransitionable.swift in Sources */ = {isa = PBXBuildFile; fileRef = 3F89EB532CE7C71E0046E1BD /* ModuleTransitionable.swift */; };
		3F89EB572CE7DEC60046E1BD /* ToDoAdapter.swift in Sources */ = {isa = PBXBuildFile; fileRef = 3F89EB562CE7DEC60046E1BD /* ToDoAdapter.swift */; };
		3F89EB592CE7E8E60046E1BD /* ToDoEntity.swift in Sources */ = {isa = PBXBuildFile; fileRef = 3F89EB582CE7E8E60046E1BD /* ToDoEntity.swift */; };
		3F89EB5D2CE8DCCB0046E1BD /* ToDoTableViewCell.swift in Sources */ = {isa = PBXBuildFile; fileRef = 3F89EB5B2CE8DCCB0046E1BD /* ToDoTableViewCell.swift */; };
		3F89EB5E2CE8DCCB0046E1BD /* ToDoTableViewCell.xib in Resources */ = {isa = PBXBuildFile; fileRef = 3F89EB5C2CE8DCCB0046E1BD /* ToDoTableViewCell.xib */; };
		3F89EB622CEA2D140046E1BD /* String.swift in Sources */ = {isa = PBXBuildFile; fileRef = 3F89EB612CEA2D140046E1BD /* String.swift */; };
/* End PBXBuildFile section */

/* Begin PBXContainerItemProxy section */
		3F89EAF82CE789880046E1BD /* PBXContainerItemProxy */ = {
			isa = PBXContainerItemProxy;
			containerPortal = 3F89EAD92CE789860046E1BD /* Project object */;
			proxyType = 1;
			remoteGlobalIDString = 3F89EAE02CE789870046E1BD;
			remoteInfo = ToDoList;
		};
		3F89EB022CE789880046E1BD /* PBXContainerItemProxy */ = {
			isa = PBXContainerItemProxy;
			containerPortal = 3F89EAD92CE789860046E1BD /* Project object */;
			proxyType = 1;
			remoteGlobalIDString = 3F89EAE02CE789870046E1BD;
			remoteInfo = ToDoList;
		};
/* End PBXContainerItemProxy section */

/* Begin PBXFileReference section */
		3F588BBE2CEA4BC400E87525 /* Int.swift */ = {isa = PBXFileReference; lastKnownFileType = sourcecode.swift; path = Int.swift; sourceTree = "<group>"; };
		3F89EAE12CE789870046E1BD /* ToDoList.app */ = {isa = PBXFileReference; explicitFileType = wrapper.application; includeInIndex = 0; path = ToDoList.app; sourceTree = BUILT_PRODUCTS_DIR; };
		3F89EAE42CE789870046E1BD /* AppDelegate.swift */ = {isa = PBXFileReference; lastKnownFileType = sourcecode.swift; path = AppDelegate.swift; sourceTree = "<group>"; };
		3F89EAE62CE789870046E1BD /* SceneDelegate.swift */ = {isa = PBXFileReference; lastKnownFileType = sourcecode.swift; path = SceneDelegate.swift; sourceTree = "<group>"; };
		3F89EAE82CE789870046E1BD /* ViewController.swift */ = {isa = PBXFileReference; lastKnownFileType = sourcecode.swift; path = ViewController.swift; sourceTree = "<group>"; };
		3F89EAED2CE789880046E1BD /* Assets.xcassets */ = {isa = PBXFileReference; lastKnownFileType = folder.assetcatalog; path = Assets.xcassets; sourceTree = "<group>"; };
		3F89EAF02CE789880046E1BD /* Base */ = {isa = PBXFileReference; lastKnownFileType = file.storyboard; name = Base; path = Base.lproj/LaunchScreen.storyboard; sourceTree = "<group>"; };
		3F89EAF22CE789880046E1BD /* Info.plist */ = {isa = PBXFileReference; lastKnownFileType = text.plist.xml; path = Info.plist; sourceTree = "<group>"; };
		3F89EAF72CE789880046E1BD /* ToDoListTests.xctest */ = {isa = PBXFileReference; explicitFileType = wrapper.cfbundle; includeInIndex = 0; path = ToDoListTests.xctest; sourceTree = BUILT_PRODUCTS_DIR; };
		3F89EAFB2CE789880046E1BD /* ToDoListTests.swift */ = {isa = PBXFileReference; lastKnownFileType = sourcecode.swift; path = ToDoListTests.swift; sourceTree = "<group>"; };
		3F89EB012CE789880046E1BD /* ToDoListUITests.xctest */ = {isa = PBXFileReference; explicitFileType = wrapper.cfbundle; includeInIndex = 0; path = ToDoListUITests.xctest; sourceTree = BUILT_PRODUCTS_DIR; };
		3F89EB052CE789880046E1BD /* ToDoListUITests.swift */ = {isa = PBXFileReference; lastKnownFileType = sourcecode.swift; path = ToDoListUITests.swift; sourceTree = "<group>"; };
		3F89EB072CE789880046E1BD /* ToDoListUITestsLaunchTests.swift */ = {isa = PBXFileReference; lastKnownFileType = sourcecode.swift; path = ToDoListUITestsLaunchTests.swift; sourceTree = "<group>"; };
		3F89EB1E2CE793270046E1BD /* ToDoInteractorInput.swift */ = {isa = PBXFileReference; lastKnownFileType = sourcecode.swift; path = ToDoInteractorInput.swift; sourceTree = "<group>"; };
		3F89EB202CE793400046E1BD /* ToDoInteractorOutput.swift */ = {isa = PBXFileReference; lastKnownFileType = sourcecode.swift; path = ToDoInteractorOutput.swift; sourceTree = "<group>"; };
		3F89EB222CE793670046E1BD /* ToDoInteractor.swift */ = {isa = PBXFileReference; lastKnownFileType = sourcecode.swift; path = ToDoInteractor.swift; sourceTree = "<group>"; };
		3F89EB242CE793CD0046E1BD /* DetailInteractorInput.swift */ = {isa = PBXFileReference; lastKnownFileType = sourcecode.swift; path = DetailInteractorInput.swift; sourceTree = "<group>"; };
		3F89EB262CE793D80046E1BD /* DetailInteractorOutput.swift */ = {isa = PBXFileReference; lastKnownFileType = sourcecode.swift; path = DetailInteractorOutput.swift; sourceTree = "<group>"; };
		3F89EB282CE793DE0046E1BD /* DetailInteractor.swift */ = {isa = PBXFileReference; lastKnownFileType = sourcecode.swift; path = DetailInteractor.swift; sourceTree = "<group>"; };
		3F89EB2A2CE7941D0046E1BD /* ToDoRouterInput.swift */ = {isa = PBXFileReference; lastKnownFileType = sourcecode.swift; path = ToDoRouterInput.swift; sourceTree = "<group>"; };
		3F89EB2C2CE794260046E1BD /* ToDoRouter.swift */ = {isa = PBXFileReference; lastKnownFileType = sourcecode.swift; path = ToDoRouter.swift; sourceTree = "<group>"; };
		3F89EB2E2CE794FB0046E1BD /* DetailRouter.swift */ = {isa = PBXFileReference; lastKnownFileType = sourcecode.swift; path = DetailRouter.swift; sourceTree = "<group>"; };
		3F89EB322CE795120046E1BD /* DetailRouterInput.swift */ = {isa = PBXFileReference; lastKnownFileType = sourcecode.swift; path = DetailRouterInput.swift; sourceTree = "<group>"; };
		3F89EB342CE7972A0046E1BD /* ToDoPresenter.swift */ = {isa = PBXFileReference; lastKnownFileType = sourcecode.swift; path = ToDoPresenter.swift; sourceTree = "<group>"; };
		3F89EB3A2CE798820046E1BD /* ToDoViewController.swift */ = {isa = PBXFileReference; lastKnownFileType = sourcecode.swift; path = ToDoViewController.swift; sourceTree = "<group>"; };
		3F89EB3B2CE798820046E1BD /* ToDoViewController.xib */ = {isa = PBXFileReference; lastKnownFileType = file.xib; path = ToDoViewController.xib; sourceTree = "<group>"; };
		3F89EB3E2CE798910046E1BD /* ToDoViewInput.swift */ = {isa = PBXFileReference; lastKnownFileType = sourcecode.swift; path = ToDoViewInput.swift; sourceTree = "<group>"; };
		3F89EB402CE798990046E1BD /* ToDoViewOutput.swift */ = {isa = PBXFileReference; lastKnownFileType = sourcecode.swift; path = ToDoViewOutput.swift; sourceTree = "<group>"; };
		3F89EB422CE7A7F40046E1BD /* DetailViewController.swift */ = {isa = PBXFileReference; lastKnownFileType = sourcecode.swift; path = DetailViewController.swift; sourceTree = "<group>"; };
		3F89EB432CE7A7F40046E1BD /* DetailViewController.xib */ = {isa = PBXFileReference; lastKnownFileType = file.xib; path = DetailViewController.xib; sourceTree = "<group>"; };
		3F89EB462CE7A8040046E1BD /* DetailViewInput.swift */ = {isa = PBXFileReference; lastKnownFileType = sourcecode.swift; path = DetailViewInput.swift; sourceTree = "<group>"; };
		3F89EB482CE7A80C0046E1BD /* DetailViewOutput.swift */ = {isa = PBXFileReference; lastKnownFileType = sourcecode.swift; path = DetailViewOutput.swift; sourceTree = "<group>"; };
		3F89EB4A2CE7A84B0046E1BD /* DetailPresenter.swift */ = {isa = PBXFileReference; lastKnownFileType = sourcecode.swift; path = DetailPresenter.swift; sourceTree = "<group>"; };
		3F89EB4C2CE7A8510046E1BD /* DetailPresenterInput.swift */ = {isa = PBXFileReference; lastKnownFileType = sourcecode.swift; path = DetailPresenterInput.swift; sourceTree = "<group>"; };
		3F89EB4E2CE7A8580046E1BD /* DetailPresenterOutput.swift */ = {isa = PBXFileReference; lastKnownFileType = sourcecode.swift; path = DetailPresenterOutput.swift; sourceTree = "<group>"; };
		3F89EB502CE7C6440046E1BD /* ToDoListAssembly.swift */ = {isa = PBXFileReference; lastKnownFileType = sourcecode.swift; path = ToDoListAssembly.swift; sourceTree = "<group>"; };
		3F89EB532CE7C71E0046E1BD /* ModuleTransitionable.swift */ = {isa = PBXFileReference; lastKnownFileType = sourcecode.swift; path = ModuleTransitionable.swift; sourceTree = "<group>"; };
		3F89EB562CE7DEC60046E1BD /* ToDoAdapter.swift */ = {isa = PBXFileReference; lastKnownFileType = sourcecode.swift; path = ToDoAdapter.swift; sourceTree = "<group>"; };
		3F89EB582CE7E8E60046E1BD /* ToDoEntity.swift */ = {isa = PBXFileReference; lastKnownFileType = sourcecode.swift; path = ToDoEntity.swift; sourceTree = "<group>"; };
		3F89EB5B2CE8DCCB0046E1BD /* ToDoTableViewCell.swift */ = {isa = PBXFileReference; lastKnownFileType = sourcecode.swift; path = ToDoTableViewCell.swift; sourceTree = "<group>"; };
		3F89EB5C2CE8DCCB0046E1BD /* ToDoTableViewCell.xib */ = {isa = PBXFileReference; lastKnownFileType = file.xib; path = ToDoTableViewCell.xib; sourceTree = "<group>"; };
		3F89EB612CEA2D140046E1BD /* String.swift */ = {isa = PBXFileReference; lastKnownFileType = sourcecode.swift; path = String.swift; sourceTree = "<group>"; };
/* End PBXFileReference section */

/* Begin PBXFrameworksBuildPhase section */
		3F89EADE2CE789870046E1BD /* Frameworks */ = {
			isa = PBXFrameworksBuildPhase;
			buildActionMask = 2147483647;
			files = (
			);
			runOnlyForDeploymentPostprocessing = 0;
		};
		3F89EAF42CE789880046E1BD /* Frameworks */ = {
			isa = PBXFrameworksBuildPhase;
			buildActionMask = 2147483647;
			files = (
			);
			runOnlyForDeploymentPostprocessing = 0;
		};
		3F89EAFE2CE789880046E1BD /* Frameworks */ = {
			isa = PBXFrameworksBuildPhase;
			buildActionMask = 2147483647;
			files = (
			);
			runOnlyForDeploymentPostprocessing = 0;
		};
/* End PBXFrameworksBuildPhase section */

/* Begin PBXGroup section */
		3F89EAD82CE789860046E1BD = {
			isa = PBXGroup;
			children = (
				3F89EAE32CE789870046E1BD /* ToDoList */,
				3F89EAFA2CE789880046E1BD /* ToDoListTests */,
				3F89EB042CE789880046E1BD /* ToDoListUITests */,
				3F89EAE22CE789870046E1BD /* Products */,
			);
			sourceTree = "<group>";
		};
		3F89EAE22CE789870046E1BD /* Products */ = {
			isa = PBXGroup;
			children = (
				3F89EAE12CE789870046E1BD /* ToDoList.app */,
				3F89EAF72CE789880046E1BD /* ToDoListTests.xctest */,
				3F89EB012CE789880046E1BD /* ToDoListUITests.xctest */,
			);
			name = Products;
			sourceTree = "<group>";
		};
		3F89EAE32CE789870046E1BD /* ToDoList */ = {
			isa = PBXGroup;
			children = (
				3F89EB5F2CEA2D040046E1BD /* Reusable layer */,
				3F89EB522CE7C7070046E1BD /* Support */,
				3F89EB142CE78F450046E1BD /* ToDoListModule */,
				3F89EB152CE78F550046E1BD /* DetailModule */,
				3F89EAE42CE789870046E1BD /* AppDelegate.swift */,
				3F89EAE62CE789870046E1BD /* SceneDelegate.swift */,
				3F89EAE82CE789870046E1BD /* ViewController.swift */,
				3F89EAED2CE789880046E1BD /* Assets.xcassets */,
				3F89EAEF2CE789880046E1BD /* LaunchScreen.storyboard */,
				3F89EAF22CE789880046E1BD /* Info.plist */,
				3F89EB582CE7E8E60046E1BD /* ToDoEntity.swift */,
			);
			path = ToDoList;
			sourceTree = "<group>";
		};
		3F89EAFA2CE789880046E1BD /* ToDoListTests */ = {
			isa = PBXGroup;
			children = (
				3F89EAFB2CE789880046E1BD /* ToDoListTests.swift */,
			);
			path = ToDoListTests;
			sourceTree = "<group>";
		};
		3F89EB042CE789880046E1BD /* ToDoListUITests */ = {
			isa = PBXGroup;
			children = (
				3F89EB052CE789880046E1BD /* ToDoListUITests.swift */,
				3F89EB072CE789880046E1BD /* ToDoListUITestsLaunchTests.swift */,
			);
			path = ToDoListUITests;
			sourceTree = "<group>";
		};
		3F89EB142CE78F450046E1BD /* ToDoListModule */ = {
			isa = PBXGroup;
			children = (
				3F89EB192CE78F700046E1BD /* Interactor */,
				3F89EB182CE78F6B0046E1BD /* View */,
				3F89EB172CE78F650046E1BD /* Router */,
				3F89EB162CE78F5D0046E1BD /* Presenter */,
				3F89EB502CE7C6440046E1BD /* ToDoListAssembly.swift */,
			);
			path = ToDoListModule;
			sourceTree = "<group>";
		};
		3F89EB152CE78F550046E1BD /* DetailModule */ = {
			isa = PBXGroup;
			children = (
				3F89EB1D2CE78F8D0046E1BD /* Interactor */,
				3F89EB1C2CE78F870046E1BD /* Presenter */,
				3F89EB1B2CE78F820046E1BD /* Router */,
				3F89EB1A2CE78F7D0046E1BD /* View */,
			);
			path = DetailModule;
			sourceTree = "<group>";
		};
		3F89EB162CE78F5D0046E1BD /* Presenter */ = {
			isa = PBXGroup;
			children = (
				3F89EB342CE7972A0046E1BD /* ToDoPresenter.swift */,
			);
			path = Presenter;
			sourceTree = "<group>";
		};
		3F89EB172CE78F650046E1BD /* Router */ = {
			isa = PBXGroup;
			children = (
				3F89EB2A2CE7941D0046E1BD /* ToDoRouterInput.swift */,
				3F89EB2C2CE794260046E1BD /* ToDoRouter.swift */,
			);
			path = Router;
			sourceTree = "<group>";
		};
		3F89EB182CE78F6B0046E1BD /* View */ = {
			isa = PBXGroup;
			children = (
				3F89EB552CE7DEBA0046E1BD /* Adapter */,
				3F89EB3A2CE798820046E1BD /* ToDoViewController.swift */,
				3F89EB3B2CE798820046E1BD /* ToDoViewController.xib */,
				3F89EB3E2CE798910046E1BD /* ToDoViewInput.swift */,
				3F89EB402CE798990046E1BD /* ToDoViewOutput.swift */,
			);
			path = View;
			sourceTree = "<group>";
		};
		3F89EB192CE78F700046E1BD /* Interactor */ = {
			isa = PBXGroup;
			children = (
				3F89EB1E2CE793270046E1BD /* ToDoInteractorInput.swift */,
				3F89EB202CE793400046E1BD /* ToDoInteractorOutput.swift */,
				3F89EB222CE793670046E1BD /* ToDoInteractor.swift */,
			);
			path = Interactor;
			sourceTree = "<group>";
		};
		3F89EB1A2CE78F7D0046E1BD /* View */ = {
			isa = PBXGroup;
			children = (
				3F89EB422CE7A7F40046E1BD /* DetailViewController.swift */,
				3F89EB432CE7A7F40046E1BD /* DetailViewController.xib */,
				3F89EB462CE7A8040046E1BD /* DetailViewInput.swift */,
				3F89EB482CE7A80C0046E1BD /* DetailViewOutput.swift */,
			);
			path = View;
			sourceTree = "<group>";
		};
		3F89EB1B2CE78F820046E1BD /* Router */ = {
			isa = PBXGroup;
			children = (
				3F89EB2E2CE794FB0046E1BD /* DetailRouter.swift */,
				3F89EB322CE795120046E1BD /* DetailRouterInput.swift */,
			);
			path = Router;
			sourceTree = "<group>";
		};
		3F89EB1C2CE78F870046E1BD /* Presenter */ = {
			isa = PBXGroup;
			children = (
				3F89EB4A2CE7A84B0046E1BD /* DetailPresenter.swift */,
				3F89EB4C2CE7A8510046E1BD /* DetailPresenterInput.swift */,
				3F89EB4E2CE7A8580046E1BD /* DetailPresenterOutput.swift */,
			);
			path = Presenter;
			sourceTree = "<group>";
		};
		3F89EB1D2CE78F8D0046E1BD /* Interactor */ = {
			isa = PBXGroup;
			children = (
				3F89EB242CE793CD0046E1BD /* DetailInteractorInput.swift */,
				3F89EB262CE793D80046E1BD /* DetailInteractorOutput.swift */,
				3F89EB282CE793DE0046E1BD /* DetailInteractor.swift */,
			);
			path = Interactor;
			sourceTree = "<group>";
		};
		3F89EB522CE7C7070046E1BD /* Support */ = {
			isa = PBXGroup;
			children = (
				3F89EB532CE7C71E0046E1BD /* ModuleTransitionable.swift */,
			);
			path = Support;
			sourceTree = "<group>";
		};
		3F89EB552CE7DEBA0046E1BD /* Adapter */ = {
			isa = PBXGroup;
			children = (
				3F89EB5A2CE8DCB00046E1BD /* Cell */,
				3F89EB562CE7DEC60046E1BD /* ToDoAdapter.swift */,
			);
			path = Adapter;
			sourceTree = "<group>";
		};
		3F89EB5A2CE8DCB00046E1BD /* Cell */ = {
			isa = PBXGroup;
			children = (
				3F89EB5B2CE8DCCB0046E1BD /* ToDoTableViewCell.swift */,
				3F89EB5C2CE8DCCB0046E1BD /* ToDoTableViewCell.xib */,
			);
			path = Cell;
			sourceTree = "<group>";
		};
		3F89EB5F2CEA2D040046E1BD /* Reusable layer */ = {
			isa = PBXGroup;
			children = (
				3F89EB602CEA2D0B0046E1BD /* Extensions */,
			);
			path = "Reusable layer";
			sourceTree = "<group>";
		};
		3F89EB602CEA2D0B0046E1BD /* Extensions */ = {
			isa = PBXGroup;
			children = (
				3F89EB612CEA2D140046E1BD /* String.swift */,
				3F588BBE2CEA4BC400E87525 /* Int.swift */,
			);
			path = Extensions;
			sourceTree = "<group>";
		};
/* End PBXGroup section */

/* Begin PBXNativeTarget section */
		3F89EAE02CE789870046E1BD /* ToDoList */ = {
			isa = PBXNativeTarget;
			buildConfigurationList = 3F89EB0B2CE789880046E1BD /* Build configuration list for PBXNativeTarget "ToDoList" */;
			buildPhases = (
				3F89EADD2CE789870046E1BD /* Sources */,
				3F89EADE2CE789870046E1BD /* Frameworks */,
				3F89EADF2CE789870046E1BD /* Resources */,
			);
			buildRules = (
			);
			dependencies = (
			);
			name = ToDoList;
			productName = ToDoList;
			productReference = 3F89EAE12CE789870046E1BD /* ToDoList.app */;
			productType = "com.apple.product-type.application";
		};
		3F89EAF62CE789880046E1BD /* ToDoListTests */ = {
			isa = PBXNativeTarget;
			buildConfigurationList = 3F89EB0E2CE789880046E1BD /* Build configuration list for PBXNativeTarget "ToDoListTests" */;
			buildPhases = (
				3F89EAF32CE789880046E1BD /* Sources */,
				3F89EAF42CE789880046E1BD /* Frameworks */,
				3F89EAF52CE789880046E1BD /* Resources */,
			);
			buildRules = (
			);
			dependencies = (
				3F89EAF92CE789880046E1BD /* PBXTargetDependency */,
			);
			name = ToDoListTests;
			productName = ToDoListTests;
			productReference = 3F89EAF72CE789880046E1BD /* ToDoListTests.xctest */;
			productType = "com.apple.product-type.bundle.unit-test";
		};
		3F89EB002CE789880046E1BD /* ToDoListUITests */ = {
			isa = PBXNativeTarget;
			buildConfigurationList = 3F89EB112CE789880046E1BD /* Build configuration list for PBXNativeTarget "ToDoListUITests" */;
			buildPhases = (
				3F89EAFD2CE789880046E1BD /* Sources */,
				3F89EAFE2CE789880046E1BD /* Frameworks */,
				3F89EAFF2CE789880046E1BD /* Resources */,
			);
			buildRules = (
			);
			dependencies = (
				3F89EB032CE789880046E1BD /* PBXTargetDependency */,
			);
			name = ToDoListUITests;
			productName = ToDoListUITests;
			productReference = 3F89EB012CE789880046E1BD /* ToDoListUITests.xctest */;
			productType = "com.apple.product-type.bundle.ui-testing";
		};
/* End PBXNativeTarget section */

/* Begin PBXProject section */
		3F89EAD92CE789860046E1BD /* Project object */ = {
			isa = PBXProject;
			attributes = {
				BuildIndependentTargetsInParallel = 1;
				LastSwiftUpdateCheck = 1540;
				LastUpgradeCheck = 1540;
				TargetAttributes = {
					3F89EAE02CE789870046E1BD = {
						CreatedOnToolsVersion = 15.4;
					};
					3F89EAF62CE789880046E1BD = {
						CreatedOnToolsVersion = 15.4;
						TestTargetID = 3F89EAE02CE789870046E1BD;
					};
					3F89EB002CE789880046E1BD = {
						CreatedOnToolsVersion = 15.4;
						TestTargetID = 3F89EAE02CE789870046E1BD;
					};
				};
			};
			buildConfigurationList = 3F89EADC2CE789860046E1BD /* Build configuration list for PBXProject "ToDoList" */;
			compatibilityVersion = "Xcode 14.0";
			developmentRegion = en;
			hasScannedForEncodings = 0;
			knownRegions = (
				en,
				Base,
			);
			mainGroup = 3F89EAD82CE789860046E1BD;
			productRefGroup = 3F89EAE22CE789870046E1BD /* Products */;
			projectDirPath = "";
			projectRoot = "";
			targets = (
				3F89EAE02CE789870046E1BD /* ToDoList */,
				3F89EAF62CE789880046E1BD /* ToDoListTests */,
				3F89EB002CE789880046E1BD /* ToDoListUITests */,
			);
		};
/* End PBXProject section */

/* Begin PBXResourcesBuildPhase section */
		3F89EADF2CE789870046E1BD /* Resources */ = {
			isa = PBXResourcesBuildPhase;
			buildActionMask = 2147483647;
			files = (
				3F89EB3D2CE798820046E1BD /* ToDoViewController.xib in Resources */,
				3F89EB5E2CE8DCCB0046E1BD /* ToDoTableViewCell.xib in Resources */,
				3F89EAEE2CE789880046E1BD /* Assets.xcassets in Resources */,
				3F89EB452CE7A7F40046E1BD /* DetailViewController.xib in Resources */,
				3F89EAF12CE789880046E1BD /* Base in Resources */,
			);
			runOnlyForDeploymentPostprocessing = 0;
		};
		3F89EAF52CE789880046E1BD /* Resources */ = {
			isa = PBXResourcesBuildPhase;
			buildActionMask = 2147483647;
			files = (
			);
			runOnlyForDeploymentPostprocessing = 0;
		};
		3F89EAFF2CE789880046E1BD /* Resources */ = {
			isa = PBXResourcesBuildPhase;
			buildActionMask = 2147483647;
			files = (
			);
			runOnlyForDeploymentPostprocessing = 0;
		};
/* End PBXResourcesBuildPhase section */

/* Begin PBXSourcesBuildPhase section */
		3F89EADD2CE789870046E1BD /* Sources */ = {
			isa = PBXSourcesBuildPhase;
			buildActionMask = 2147483647;
			files = (
				3F89EB622CEA2D140046E1BD /* String.swift in Sources */,
				3F89EB472CE7A8040046E1BD /* DetailViewInput.swift in Sources */,
				3F89EAE92CE789870046E1BD /* ViewController.swift in Sources */,
				3F89EB252CE793CD0046E1BD /* DetailInteractorInput.swift in Sources */,
				3F89EB212CE793400046E1BD /* ToDoInteractorOutput.swift in Sources */,
				3F89EB292CE793DE0046E1BD /* DetailInteractor.swift in Sources */,
				3F89EB4F2CE7A8580046E1BD /* DetailPresenterOutput.swift in Sources */,
				3F89EB4B2CE7A84B0046E1BD /* DetailPresenter.swift in Sources */,
				3F89EB5D2CE8DCCB0046E1BD /* ToDoTableViewCell.swift in Sources */,
				3F89EB572CE7DEC60046E1BD /* ToDoAdapter.swift in Sources */,
				3F89EB412CE798990046E1BD /* ToDoViewOutput.swift in Sources */,
				3F89EB1F2CE793270046E1BD /* ToDoInteractorInput.swift in Sources */,
				3F89EB2B2CE7941D0046E1BD /* ToDoRouterInput.swift in Sources */,
				3F89EAE52CE789870046E1BD /* AppDelegate.swift in Sources */,
				3F89EB332CE795120046E1BD /* DetailRouterInput.swift in Sources */,
				3F89EB442CE7A7F40046E1BD /* DetailViewController.swift in Sources */,
				3F89EB2D2CE794260046E1BD /* ToDoRouter.swift in Sources */,
				3F89EB232CE793670046E1BD /* ToDoInteractor.swift in Sources */,
				3F89EB592CE7E8E60046E1BD /* ToDoEntity.swift in Sources */,
				3F89EB3C2CE798820046E1BD /* ToDoViewController.swift in Sources */,
				3F89EB2F2CE794FB0046E1BD /* DetailRouter.swift in Sources */,
				3F89EB272CE793D80046E1BD /* DetailInteractorOutput.swift in Sources */,
				3F89EB492CE7A80C0046E1BD /* DetailViewOutput.swift in Sources */,
				3F89EB512CE7C6440046E1BD /* ToDoListAssembly.swift in Sources */,
				3F89EB542CE7C71E0046E1BD /* ModuleTransitionable.swift in Sources */,
				3F89EB352CE7972A0046E1BD /* ToDoPresenter.swift in Sources */,
				3F89EAE72CE789870046E1BD /* SceneDelegate.swift in Sources */,
				3F588BBF2CEA4BC400E87525 /* Int.swift in Sources */,
				3F89EB4D2CE7A8510046E1BD /* DetailPresenterInput.swift in Sources */,
				3F89EB3F2CE798910046E1BD /* ToDoViewInput.swift in Sources */,
			);
			runOnlyForDeploymentPostprocessing = 0;
		};
		3F89EAF32CE789880046E1BD /* Sources */ = {
			isa = PBXSourcesBuildPhase;
			buildActionMask = 2147483647;
			files = (
				3F89EAFC2CE789880046E1BD /* ToDoListTests.swift in Sources */,
			);
			runOnlyForDeploymentPostprocessing = 0;
		};
		3F89EAFD2CE789880046E1BD /* Sources */ = {
			isa = PBXSourcesBuildPhase;
			buildActionMask = 2147483647;
			files = (
				3F89EB082CE789880046E1BD /* ToDoListUITestsLaunchTests.swift in Sources */,
				3F89EB062CE789880046E1BD /* ToDoListUITests.swift in Sources */,
			);
			runOnlyForDeploymentPostprocessing = 0;
		};
/* End PBXSourcesBuildPhase section */

/* Begin PBXTargetDependency section */
		3F89EAF92CE789880046E1BD /* PBXTargetDependency */ = {
			isa = PBXTargetDependency;
			target = 3F89EAE02CE789870046E1BD /* ToDoList */;
			targetProxy = 3F89EAF82CE789880046E1BD /* PBXContainerItemProxy */;
		};
		3F89EB032CE789880046E1BD /* PBXTargetDependency */ = {
			isa = PBXTargetDependency;
			target = 3F89EAE02CE789870046E1BD /* ToDoList */;
			targetProxy = 3F89EB022CE789880046E1BD /* PBXContainerItemProxy */;
		};
/* End PBXTargetDependency section */

/* Begin PBXVariantGroup section */
		3F89EAEF2CE789880046E1BD /* LaunchScreen.storyboard */ = {
			isa = PBXVariantGroup;
			children = (
				3F89EAF02CE789880046E1BD /* Base */,
			);
			name = LaunchScreen.storyboard;
			sourceTree = "<group>";
		};
/* End PBXVariantGroup section */

/* Begin XCBuildConfiguration section */
		3F89EB092CE789880046E1BD /* Debug */ = {
			isa = XCBuildConfiguration;
			buildSettings = {
				ALWAYS_SEARCH_USER_PATHS = NO;
				ASSETCATALOG_COMPILER_GENERATE_SWIFT_ASSET_SYMBOL_EXTENSIONS = YES;
				CLANG_ANALYZER_NONNULL = YES;
				CLANG_ANALYZER_NUMBER_OBJECT_CONVERSION = YES_AGGRESSIVE;
				CLANG_CXX_LANGUAGE_STANDARD = "gnu++20";
				CLANG_ENABLE_MODULES = YES;
				CLANG_ENABLE_OBJC_ARC = YES;
				CLANG_ENABLE_OBJC_WEAK = YES;
				CLANG_WARN_BLOCK_CAPTURE_AUTORELEASING = YES;
				CLANG_WARN_BOOL_CONVERSION = YES;
				CLANG_WARN_COMMA = YES;
				CLANG_WARN_CONSTANT_CONVERSION = YES;
				CLANG_WARN_DEPRECATED_OBJC_IMPLEMENTATIONS = YES;
				CLANG_WARN_DIRECT_OBJC_ISA_USAGE = YES_ERROR;
				CLANG_WARN_DOCUMENTATION_COMMENTS = YES;
				CLANG_WARN_EMPTY_BODY = YES;
				CLANG_WARN_ENUM_CONVERSION = YES;
				CLANG_WARN_INFINITE_RECURSION = YES;
				CLANG_WARN_INT_CONVERSION = YES;
				CLANG_WARN_NON_LITERAL_NULL_CONVERSION = YES;
				CLANG_WARN_OBJC_IMPLICIT_RETAIN_SELF = YES;
				CLANG_WARN_OBJC_LITERAL_CONVERSION = YES;
				CLANG_WARN_OBJC_ROOT_CLASS = YES_ERROR;
				CLANG_WARN_QUOTED_INCLUDE_IN_FRAMEWORK_HEADER = YES;
				CLANG_WARN_RANGE_LOOP_ANALYSIS = YES;
				CLANG_WARN_STRICT_PROTOTYPES = YES;
				CLANG_WARN_SUSPICIOUS_MOVE = YES;
				CLANG_WARN_UNGUARDED_AVAILABILITY = YES_AGGRESSIVE;
				CLANG_WARN_UNREACHABLE_CODE = YES;
				CLANG_WARN__DUPLICATE_METHOD_MATCH = YES;
				COPY_PHASE_STRIP = NO;
				DEBUG_INFORMATION_FORMAT = dwarf;
				ENABLE_STRICT_OBJC_MSGSEND = YES;
				ENABLE_TESTABILITY = YES;
				ENABLE_USER_SCRIPT_SANDBOXING = YES;
				GCC_C_LANGUAGE_STANDARD = gnu17;
				GCC_DYNAMIC_NO_PIC = NO;
				GCC_NO_COMMON_BLOCKS = YES;
				GCC_OPTIMIZATION_LEVEL = 0;
				GCC_PREPROCESSOR_DEFINITIONS = (
					"DEBUG=1",
					"$(inherited)",
				);
				GCC_WARN_64_TO_32_BIT_CONVERSION = YES;
				GCC_WARN_ABOUT_RETURN_TYPE = YES_ERROR;
				GCC_WARN_UNDECLARED_SELECTOR = YES;
				GCC_WARN_UNINITIALIZED_AUTOS = YES_AGGRESSIVE;
				GCC_WARN_UNUSED_FUNCTION = YES;
				GCC_WARN_UNUSED_VARIABLE = YES;
				IPHONEOS_DEPLOYMENT_TARGET = 17.5;
				LOCALIZATION_PREFERS_STRING_CATALOGS = YES;
				MTL_ENABLE_DEBUG_INFO = INCLUDE_SOURCE;
				MTL_FAST_MATH = YES;
				ONLY_ACTIVE_ARCH = YES;
				SDKROOT = iphoneos;
				SWIFT_ACTIVE_COMPILATION_CONDITIONS = "DEBUG $(inherited)";
				SWIFT_OPTIMIZATION_LEVEL = "-Onone";
			};
			name = Debug;
		};
		3F89EB0A2CE789880046E1BD /* Release */ = {
			isa = XCBuildConfiguration;
			buildSettings = {
				ALWAYS_SEARCH_USER_PATHS = NO;
				ASSETCATALOG_COMPILER_GENERATE_SWIFT_ASSET_SYMBOL_EXTENSIONS = YES;
				CLANG_ANALYZER_NONNULL = YES;
				CLANG_ANALYZER_NUMBER_OBJECT_CONVERSION = YES_AGGRESSIVE;
				CLANG_CXX_LANGUAGE_STANDARD = "gnu++20";
				CLANG_ENABLE_MODULES = YES;
				CLANG_ENABLE_OBJC_ARC = YES;
				CLANG_ENABLE_OBJC_WEAK = YES;
				CLANG_WARN_BLOCK_CAPTURE_AUTORELEASING = YES;
				CLANG_WARN_BOOL_CONVERSION = YES;
				CLANG_WARN_COMMA = YES;
				CLANG_WARN_CONSTANT_CONVERSION = YES;
				CLANG_WARN_DEPRECATED_OBJC_IMPLEMENTATIONS = YES;
				CLANG_WARN_DIRECT_OBJC_ISA_USAGE = YES_ERROR;
				CLANG_WARN_DOCUMENTATION_COMMENTS = YES;
				CLANG_WARN_EMPTY_BODY = YES;
				CLANG_WARN_ENUM_CONVERSION = YES;
				CLANG_WARN_INFINITE_RECURSION = YES;
				CLANG_WARN_INT_CONVERSION = YES;
				CLANG_WARN_NON_LITERAL_NULL_CONVERSION = YES;
				CLANG_WARN_OBJC_IMPLICIT_RETAIN_SELF = YES;
				CLANG_WARN_OBJC_LITERAL_CONVERSION = YES;
				CLANG_WARN_OBJC_ROOT_CLASS = YES_ERROR;
				CLANG_WARN_QUOTED_INCLUDE_IN_FRAMEWORK_HEADER = YES;
				CLANG_WARN_RANGE_LOOP_ANALYSIS = YES;
				CLANG_WARN_STRICT_PROTOTYPES = YES;
				CLANG_WARN_SUSPICIOUS_MOVE = YES;
				CLANG_WARN_UNGUARDED_AVAILABILITY = YES_AGGRESSIVE;
				CLANG_WARN_UNREACHABLE_CODE = YES;
				CLANG_WARN__DUPLICATE_METHOD_MATCH = YES;
				COPY_PHASE_STRIP = NO;
				DEBUG_INFORMATION_FORMAT = "dwarf-with-dsym";
				ENABLE_NS_ASSERTIONS = NO;
				ENABLE_STRICT_OBJC_MSGSEND = YES;
				ENABLE_USER_SCRIPT_SANDBOXING = YES;
				GCC_C_LANGUAGE_STANDARD = gnu17;
				GCC_NO_COMMON_BLOCKS = YES;
				GCC_WARN_64_TO_32_BIT_CONVERSION = YES;
				GCC_WARN_ABOUT_RETURN_TYPE = YES_ERROR;
				GCC_WARN_UNDECLARED_SELECTOR = YES;
				GCC_WARN_UNINITIALIZED_AUTOS = YES_AGGRESSIVE;
				GCC_WARN_UNUSED_FUNCTION = YES;
				GCC_WARN_UNUSED_VARIABLE = YES;
				IPHONEOS_DEPLOYMENT_TARGET = 17.5;
				LOCALIZATION_PREFERS_STRING_CATALOGS = YES;
				MTL_ENABLE_DEBUG_INFO = NO;
				MTL_FAST_MATH = YES;
				SDKROOT = iphoneos;
				SWIFT_COMPILATION_MODE = wholemodule;
				VALIDATE_PRODUCT = YES;
			};
			name = Release;
		};
		3F89EB0C2CE789880046E1BD /* Debug */ = {
			isa = XCBuildConfiguration;
			buildSettings = {
				ASSETCATALOG_COMPILER_APPICON_NAME = AppIcon;
				ASSETCATALOG_COMPILER_GLOBAL_ACCENT_COLOR_NAME = AccentColor;
				CODE_SIGN_STYLE = Automatic;
				CURRENT_PROJECT_VERSION = 1;
				GENERATE_INFOPLIST_FILE = YES;
				INFOPLIST_FILE = ToDoList/Info.plist;
				INFOPLIST_KEY_UIApplicationSupportsIndirectInputEvents = YES;
				INFOPLIST_KEY_UILaunchStoryboardName = LaunchScreen;
				INFOPLIST_KEY_UISupportedInterfaceOrientations_iPad = "UIInterfaceOrientationPortrait UIInterfaceOrientationPortraitUpsideDown UIInterfaceOrientationLandscapeLeft UIInterfaceOrientationLandscapeRight";
				INFOPLIST_KEY_UISupportedInterfaceOrientations_iPhone = "UIInterfaceOrientationPortrait UIInterfaceOrientationLandscapeLeft UIInterfaceOrientationLandscapeRight";
				LD_RUNPATH_SEARCH_PATHS = (
					"$(inherited)",
					"@executable_path/Frameworks",
				);
				MARKETING_VERSION = 1.0;
				PRODUCT_BUNDLE_IDENTIFIER = l.ToDoList;
				PRODUCT_NAME = "$(TARGET_NAME)";
				SWIFT_EMIT_LOC_STRINGS = YES;
				SWIFT_VERSION = 5.0;
				TARGETED_DEVICE_FAMILY = "1,2";
			};
			name = Debug;
		};
		3F89EB0D2CE789880046E1BD /* Release */ = {
			isa = XCBuildConfiguration;
			buildSettings = {
				ASSETCATALOG_COMPILER_APPICON_NAME = AppIcon;
				ASSETCATALOG_COMPILER_GLOBAL_ACCENT_COLOR_NAME = AccentColor;
				CODE_SIGN_STYLE = Automatic;
				CURRENT_PROJECT_VERSION = 1;
				GENERATE_INFOPLIST_FILE = YES;
				INFOPLIST_FILE = ToDoList/Info.plist;
				INFOPLIST_KEY_UIApplicationSupportsIndirectInputEvents = YES;
				INFOPLIST_KEY_UILaunchStoryboardName = LaunchScreen;
				INFOPLIST_KEY_UISupportedInterfaceOrientations_iPad = "UIInterfaceOrientationPortrait UIInterfaceOrientationPortraitUpsideDown UIInterfaceOrientationLandscapeLeft UIInterfaceOrientationLandscapeRight";
				INFOPLIST_KEY_UISupportedInterfaceOrientations_iPhone = "UIInterfaceOrientationPortrait UIInterfaceOrientationLandscapeLeft UIInterfaceOrientationLandscapeRight";
				LD_RUNPATH_SEARCH_PATHS = (
					"$(inherited)",
					"@executable_path/Frameworks",
				);
				MARKETING_VERSION = 1.0;
				PRODUCT_BUNDLE_IDENTIFIER = l.ToDoList;
				PRODUCT_NAME = "$(TARGET_NAME)";
				SWIFT_EMIT_LOC_STRINGS = YES;
				SWIFT_VERSION = 5.0;
				TARGETED_DEVICE_FAMILY = "1,2";
			};
			name = Release;
		};
		3F89EB0F2CE789880046E1BD /* Debug */ = {
			isa = XCBuildConfiguration;
			buildSettings = {
				ALWAYS_EMBED_SWIFT_STANDARD_LIBRARIES = YES;
				BUNDLE_LOADER = "$(TEST_HOST)";
				CODE_SIGN_STYLE = Automatic;
				CURRENT_PROJECT_VERSION = 1;
				GENERATE_INFOPLIST_FILE = YES;
				IPHONEOS_DEPLOYMENT_TARGET = 17.5;
				MARKETING_VERSION = 1.0;
				PRODUCT_BUNDLE_IDENTIFIER = l.ToDoListTests;
				PRODUCT_NAME = "$(TARGET_NAME)";
				SWIFT_EMIT_LOC_STRINGS = NO;
				SWIFT_VERSION = 5.0;
				TARGETED_DEVICE_FAMILY = "1,2";
				TEST_HOST = "$(BUILT_PRODUCTS_DIR)/ToDoList.app/$(BUNDLE_EXECUTABLE_FOLDER_PATH)/ToDoList";
			};
			name = Debug;
		};
		3F89EB102CE789880046E1BD /* Release */ = {
			isa = XCBuildConfiguration;
			buildSettings = {
				ALWAYS_EMBED_SWIFT_STANDARD_LIBRARIES = YES;
				BUNDLE_LOADER = "$(TEST_HOST)";
				CODE_SIGN_STYLE = Automatic;
				CURRENT_PROJECT_VERSION = 1;
				GENERATE_INFOPLIST_FILE = YES;
				IPHONEOS_DEPLOYMENT_TARGET = 17.5;
				MARKETING_VERSION = 1.0;
				PRODUCT_BUNDLE_IDENTIFIER = l.ToDoListTests;
				PRODUCT_NAME = "$(TARGET_NAME)";
				SWIFT_EMIT_LOC_STRINGS = NO;
				SWIFT_VERSION = 5.0;
				TARGETED_DEVICE_FAMILY = "1,2";
				TEST_HOST = "$(BUILT_PRODUCTS_DIR)/ToDoList.app/$(BUNDLE_EXECUTABLE_FOLDER_PATH)/ToDoList";
			};
			name = Release;
		};
		3F89EB122CE789880046E1BD /* Debug */ = {
			isa = XCBuildConfiguration;
			buildSettings = {
				ALWAYS_EMBED_SWIFT_STANDARD_LIBRARIES = YES;
				CODE_SIGN_STYLE = Automatic;
				CURRENT_PROJECT_VERSION = 1;
				GENERATE_INFOPLIST_FILE = YES;
				MARKETING_VERSION = 1.0;
				PRODUCT_BUNDLE_IDENTIFIER = l.ToDoListUITests;
				PRODUCT_NAME = "$(TARGET_NAME)";
				SWIFT_EMIT_LOC_STRINGS = NO;
				SWIFT_VERSION = 5.0;
				TARGETED_DEVICE_FAMILY = "1,2";
				TEST_TARGET_NAME = ToDoList;
			};
			name = Debug;
		};
		3F89EB132CE789880046E1BD /* Release */ = {
			isa = XCBuildConfiguration;
			buildSettings = {
				ALWAYS_EMBED_SWIFT_STANDARD_LIBRARIES = YES;
				CODE_SIGN_STYLE = Automatic;
				CURRENT_PROJECT_VERSION = 1;
				GENERATE_INFOPLIST_FILE = YES;
				MARKETING_VERSION = 1.0;
				PRODUCT_BUNDLE_IDENTIFIER = l.ToDoListUITests;
				PRODUCT_NAME = "$(TARGET_NAME)";
				SWIFT_EMIT_LOC_STRINGS = NO;
				SWIFT_VERSION = 5.0;
				TARGETED_DEVICE_FAMILY = "1,2";
				TEST_TARGET_NAME = ToDoList;
			};
			name = Release;
		};
/* End XCBuildConfiguration section */

/* Begin XCConfigurationList section */
		3F89EADC2CE789860046E1BD /* Build configuration list for PBXProject "ToDoList" */ = {
			isa = XCConfigurationList;
			buildConfigurations = (
				3F89EB092CE789880046E1BD /* Debug */,
				3F89EB0A2CE789880046E1BD /* Release */,
			);
			defaultConfigurationIsVisible = 0;
			defaultConfigurationName = Release;
		};
		3F89EB0B2CE789880046E1BD /* Build configuration list for PBXNativeTarget "ToDoList" */ = {
			isa = XCConfigurationList;
			buildConfigurations = (
				3F89EB0C2CE789880046E1BD /* Debug */,
				3F89EB0D2CE789880046E1BD /* Release */,
			);
			defaultConfigurationIsVisible = 0;
			defaultConfigurationName = Release;
		};
		3F89EB0E2CE789880046E1BD /* Build configuration list for PBXNativeTarget "ToDoListTests" */ = {
			isa = XCConfigurationList;
			buildConfigurations = (
				3F89EB0F2CE789880046E1BD /* Debug */,
				3F89EB102CE789880046E1BD /* Release */,
			);
			defaultConfigurationIsVisible = 0;
			defaultConfigurationName = Release;
		};
		3F89EB112CE789880046E1BD /* Build configuration list for PBXNativeTarget "ToDoListUITests" */ = {
			isa = XCConfigurationList;
			buildConfigurations = (
				3F89EB122CE789880046E1BD /* Debug */,
				3F89EB132CE789880046E1BD /* Release */,
			);
			defaultConfigurationIsVisible = 0;
			defaultConfigurationName = Release;
		};
/* End XCConfigurationList section */
	};
	rootObject = 3F89EAD92CE789860046E1BD /* Project object */;
}
